
Microsoft Visual Studio Solution File, Format Version 12.00
# Visual Studio 2012
Project("{FAE04EC0-301F-11D3-BF4B-00C04F79EFBC}") = "ReSharper.DictionaryHelper", "src\ReSharper.DictionaryHelper\ReSharper.DictionaryHelper.csproj", "{C33082D9-19ED-46D2-9606-6E065413E489}"
EndProject
Project("{FAE04EC0-301F-11D3-BF4B-00C04F79EFBC}") = "ReSharper.DictionaryHelper.Tests", "src\ReSharper.DictionaryHelper.Tests\ReSharper.DictionaryHelper.Tests.csproj", "{C068F369-4D55-4B91-ACCD-E6C1694DFB26}"
EndProject
Global
	GlobalSection(SolutionConfigurationPlatforms) = preSolution
		Debug|Any CPU = Debug|Any CPU
		Release|Any CPU = Release|Any CPU
	EndGlobalSection
	GlobalSection(ProjectConfigurationPlatforms) = postSolution
		{C33082D9-19ED-46D2-9606-6E065413E489}.Debug|Any CPU.ActiveCfg = Debug|Any CPU
		{C33082D9-19ED-46D2-9606-6E065413E489}.Debug|Any CPU.Build.0 = Debug|Any CPU
		{C33082D9-19ED-46D2-9606-6E065413E489}.Release|Any CPU.ActiveCfg = Release|Any CPU
		{C33082D9-19ED-46D2-9606-6E065413E489}.Release|Any CPU.Build.0 = Release|Any CPU
		{C068F369-4D55-4B91-ACCD-E6C1694DFB26}.Debug|Any CPU.ActiveCfg = Debug|Any CPU
		{C068F369-4D55-4B91-ACCD-E6C1694DFB26}.Debug|Any CPU.Build.0 = Debug|Any CPU
		{C068F369-4D55-4B91-ACCD-E6C1694DFB26}.Release|Any CPU.ActiveCfg = Release|Any CPU
		{C068F369-4D55-4B91-ACCD-E6C1694DFB26}.Release|Any CPU.Build.0 = Release|Any CPU
	EndGlobalSection
	GlobalSection(SolutionProperties) = preSolution
		HideSolutionNode = FALSE
	EndGlobalSection
EndGlobal
