
Microsoft Visual Studio Solution File, Format Version 12.00
# Visual Studio 2013
VisualStudioVersion = 12.0.31101.0
MinimumVisualStudioVersion = 10.0.40219.1
Project("{2150E333-8FDC-42A3-9474-1A3956D46DE8}") = "ReSharper80", "ReSharper80", "{5CE88EAD-B062-41EE-BFE7-883C3F0355B6}"
EndProject
Project("{2150E333-8FDC-42A3-9474-1A3956D46DE8}") = "ReSharper81", "ReSharper81", "{712CD224-6DBA-4C4D-81A7-D35C94E74891}"
EndProject
Project("{FAE04EC0-301F-11D3-BF4B-00C04F79EFBC}") = "ReSharper80.DictionaryHelper", "src\ReSharper.DictionaryHelper\ReSharper80.DictionaryHelper.csproj", "{FEC4D185-EE9B-47CD-91E5-84870A8AE32E}"
EndProject
Project("{FAE04EC0-301F-11D3-BF4B-00C04F79EFBC}") = "ReSharper80.DictionaryHelper.Tests", "src\ReSharper.DictionaryHelper.Tests\ReSharper80.DictionaryHelper.Tests.csproj", "{C068F369-4D55-4B91-ACCD-E6C1694DFB26}"
EndProject
Project("{FAE04EC0-301F-11D3-BF4B-00C04F79EFBC}") = "ReSharper81.DictionaryHelper", "src\ReSharper.DictionaryHelper\ReSharper81.DictionaryHelper.csproj", "{8D3DE738-DD1D-47B0-8198-68BF4A0BAEA7}"
EndProject
Project("{FAE04EC0-301F-11D3-BF4B-00C04F79EFBC}") = "ReSharper81.DictionaryHelper.Tests", "src\ReSharper.DictionaryHelper.Tests\ReSharper81.DictionaryHelper.Tests.csproj", "{B877454C-0A8A-4FF5-AAC3-C44D84C0C4F4}"
EndProject
Project("{FAE04EC0-301F-11D3-BF4B-00C04F79EFBC}") = "ReSharper82.DictionaryHelper", "src\ReSharper.DictionaryHelper\ReSharper82.DictionaryHelper.csproj", "{6894BD0C-99BD-4DE3-A893-13BF8A66AB1B}"
EndProject
Project("{FAE04EC0-301F-11D3-BF4B-00C04F79EFBC}") = "ReSharper82.DictionaryHelper.Tests", "src\ReSharper.DictionaryHelper.Tests\ReSharper82.DictionaryHelper.Tests.csproj", "{5BEF157F-7519-43B0-AB71-9E4B21D7E05D}"
EndProject
Project("{2150E333-8FDC-42A3-9474-1A3956D46DE8}") = "ReSharper82", "ReSharper82", "{377164D5-B68D-4377-87C9-B1BEFE4361D3}"
EndProject
Project("{2150E333-8FDC-42A3-9474-1A3956D46DE8}") = ".nuget", ".nuget", "{77E99073-E62B-4685-8333-76777552984A}"
	ProjectSection(SolutionItems) = preProject
		.nuget\NuGet.Config = .nuget\NuGet.Config
		.nuget\NuGet.exe = .nuget\NuGet.exe
		.nuget\NuGet.targets = .nuget\NuGet.targets
	EndProjectSection
EndProject
Project("{2150E333-8FDC-42A3-9474-1A3956D46DE8}") = "ReSharper90", "ReSharper90", "{430F91AF-6D87-4B6D-9C5C-A19F8EEACC66}"
EndProject
Project("{FAE04EC0-301F-11D3-BF4B-00C04F79EFBC}") = "ReSharper90.DictionaryHelper", "src\ReSharper.DictionaryHelper\ReSharper90.DictionaryHelper.csproj", "{41B9854E-192D-4FCA-8C9D-9E686D19B460}"
EndProject
Project("{FAE04EC0-301F-11D3-BF4B-00C04F79EFBC}") = "ReSharper90.DictionaryHelper.Tests", "src\ReSharper.DictionaryHelper.Tests\ReSharper90.DictionaryHelper.Tests.csproj", "{A3642B7D-0E52-4D17-9E82-F6A1342ECA8F}"
EndProject
Global
	GlobalSection(SolutionConfigurationPlatforms) = preSolution
		Debug|Any CPU = Debug|Any CPU
		Release|Any CPU = Release|Any CPU
	EndGlobalSection
	GlobalSection(ProjectConfigurationPlatforms) = postSolution
		{FEC4D185-EE9B-47CD-91E5-84870A8AE32E}.Debug|Any CPU.ActiveCfg = Debug|Any CPU
		{FEC4D185-EE9B-47CD-91E5-84870A8AE32E}.Debug|Any CPU.Build.0 = Debug|Any CPU
		{FEC4D185-EE9B-47CD-91E5-84870A8AE32E}.Release|Any CPU.ActiveCfg = Release|Any CPU
		{FEC4D185-EE9B-47CD-91E5-84870A8AE32E}.Release|Any CPU.Build.0 = Release|Any CPU
		{C068F369-4D55-4B91-ACCD-E6C1694DFB26}.Debug|Any CPU.ActiveCfg = Debug|Any CPU
		{C068F369-4D55-4B91-ACCD-E6C1694DFB26}.Debug|Any CPU.Build.0 = Debug|Any CPU
		{C068F369-4D55-4B91-ACCD-E6C1694DFB26}.Release|Any CPU.ActiveCfg = Release|Any CPU
		{C068F369-4D55-4B91-ACCD-E6C1694DFB26}.Release|Any CPU.Build.0 = Release|Any CPU
		{8D3DE738-DD1D-47B0-8198-68BF4A0BAEA7}.Debug|Any CPU.ActiveCfg = Debug|Any CPU
		{8D3DE738-DD1D-47B0-8198-68BF4A0BAEA7}.Debug|Any CPU.Build.0 = Debug|Any CPU
		{8D3DE738-DD1D-47B0-8198-68BF4A0BAEA7}.Release|Any CPU.ActiveCfg = Release|Any CPU
		{8D3DE738-DD1D-47B0-8198-68BF4A0BAEA7}.Release|Any CPU.Build.0 = Release|Any CPU
		{B877454C-0A8A-4FF5-AAC3-C44D84C0C4F4}.Debug|Any CPU.ActiveCfg = Debug|Any CPU
		{B877454C-0A8A-4FF5-AAC3-C44D84C0C4F4}.Debug|Any CPU.Build.0 = Debug|Any CPU
		{B877454C-0A8A-4FF5-AAC3-C44D84C0C4F4}.Release|Any CPU.ActiveCfg = Release|Any CPU
		{B877454C-0A8A-4FF5-AAC3-C44D84C0C4F4}.Release|Any CPU.Build.0 = Release|Any CPU
		{6894BD0C-99BD-4DE3-A893-13BF8A66AB1B}.Debug|Any CPU.ActiveCfg = Debug|Any CPU
		{6894BD0C-99BD-4DE3-A893-13BF8A66AB1B}.Debug|Any CPU.Build.0 = Debug|Any CPU
		{6894BD0C-99BD-4DE3-A893-13BF8A66AB1B}.Release|Any CPU.ActiveCfg = Release|Any CPU
		{6894BD0C-99BD-4DE3-A893-13BF8A66AB1B}.Release|Any CPU.Build.0 = Release|Any CPU
		{5BEF157F-7519-43B0-AB71-9E4B21D7E05D}.Debug|Any CPU.ActiveCfg = Debug|Any CPU
		{5BEF157F-7519-43B0-AB71-9E4B21D7E05D}.Debug|Any CPU.Build.0 = Debug|Any CPU
		{5BEF157F-7519-43B0-AB71-9E4B21D7E05D}.Release|Any CPU.ActiveCfg = Release|Any CPU
		{5BEF157F-7519-43B0-AB71-9E4B21D7E05D}.Release|Any CPU.Build.0 = Release|Any CPU
		{41B9854E-192D-4FCA-8C9D-9E686D19B460}.Debug|Any CPU.ActiveCfg = Debug|Any CPU
		{41B9854E-192D-4FCA-8C9D-9E686D19B460}.Debug|Any CPU.Build.0 = Debug|Any CPU
		{41B9854E-192D-4FCA-8C9D-9E686D19B460}.Release|Any CPU.ActiveCfg = Release|Any CPU
		{41B9854E-192D-4FCA-8C9D-9E686D19B460}.Release|Any CPU.Build.0 = Release|Any CPU
		{A3642B7D-0E52-4D17-9E82-F6A1342ECA8F}.Debug|Any CPU.ActiveCfg = Debug|Any CPU
		{A3642B7D-0E52-4D17-9E82-F6A1342ECA8F}.Debug|Any CPU.Build.0 = Debug|Any CPU
		{A3642B7D-0E52-4D17-9E82-F6A1342ECA8F}.Release|Any CPU.ActiveCfg = Release|Any CPU
		{A3642B7D-0E52-4D17-9E82-F6A1342ECA8F}.Release|Any CPU.Build.0 = Release|Any CPU
	EndGlobalSection
	GlobalSection(SolutionProperties) = preSolution
		HideSolutionNode = FALSE
	EndGlobalSection
	GlobalSection(NestedProjects) = preSolution
		{FEC4D185-EE9B-47CD-91E5-84870A8AE32E} = {5CE88EAD-B062-41EE-BFE7-883C3F0355B6}
		{C068F369-4D55-4B91-ACCD-E6C1694DFB26} = {5CE88EAD-B062-41EE-BFE7-883C3F0355B6}
		{8D3DE738-DD1D-47B0-8198-68BF4A0BAEA7} = {712CD224-6DBA-4C4D-81A7-D35C94E74891}
		{B877454C-0A8A-4FF5-AAC3-C44D84C0C4F4} = {712CD224-6DBA-4C4D-81A7-D35C94E74891}
		{6894BD0C-99BD-4DE3-A893-13BF8A66AB1B} = {377164D5-B68D-4377-87C9-B1BEFE4361D3}
		{5BEF157F-7519-43B0-AB71-9E4B21D7E05D} = {377164D5-B68D-4377-87C9-B1BEFE4361D3}
		{41B9854E-192D-4FCA-8C9D-9E686D19B460} = {430F91AF-6D87-4B6D-9C5C-A19F8EEACC66}
		{A3642B7D-0E52-4D17-9E82-F6A1342ECA8F} = {430F91AF-6D87-4B6D-9C5C-A19F8EEACC66}
	EndGlobalSection
EndGlobal
